
Microsoft Visual Studio Solution File, Format Version 12.00
Project("{2150E333-8FDC-42A3-9474-1A3956D46DE8}") = "services", "services", "{16CE167B-5EF1-4A31-BA29-E0FFA0D3E365}"
EndProject
Project("{2150E333-8FDC-42A3-9474-1A3956D46DE8}") = "src", "src", "{BDC7D387-67A7-4EB1-A81B-1E803E17FD91}"
EndProject
Project("{2150E333-8FDC-42A3-9474-1A3956D46DE8}") = "tests", "tests", "{FA1C4094-141A-4E1B-8164-1C5AFD621BD6}"
EndProject
Project("{2150E333-8FDC-42A3-9474-1A3956D46DE8}") = "Solution Items", "Solution Items", "{A717208E-C73C-4A00-AD4F-7FF897765E44}"
ProjectSection(SolutionItems) = preProject
	settings.ruleset = settings.ruleset
EndProjectSection
EndProject
Project("{FAE04EC0-301F-11D3-BF4B-00C04F79EFBC}") = "BookApi", "src\BookApi\BookApi.csproj", "{87A9D439-FF20-4BE7-B8AE-F817119CA575}"
EndProject
Project("{FAE04EC0-301F-11D3-BF4B-00C04F79EFBC}") = "BookApi.Services", "services\BookApi.Services\BookApi.Services.csproj", "{E10ED9FA-D0B8-49B4-ADB1-F97DB389B1F3}"
EndProject
Global
	GlobalSection(SolutionConfigurationPlatforms) = preSolution
		Debug|Any CPU = Debug|Any CPU
		Release|Any CPU = Release|Any CPU
	EndGlobalSection
	GlobalSection(ProjectConfigurationPlatforms) = postSolution
		{87A9D439-FF20-4BE7-B8AE-F817119CA575}.Debug|Any CPU.ActiveCfg = Debug|Any CPU
		{87A9D439-FF20-4BE7-B8AE-F817119CA575}.Debug|Any CPU.Build.0 = Debug|Any CPU
		{87A9D439-FF20-4BE7-B8AE-F817119CA575}.Release|Any CPU.ActiveCfg = Release|Any CPU
		{87A9D439-FF20-4BE7-B8AE-F817119CA575}.Release|Any CPU.Build.0 = Release|Any CPU
		{E10ED9FA-D0B8-49B4-ADB1-F97DB389B1F3}.Debug|Any CPU.ActiveCfg = Debug|Any CPU
		{E10ED9FA-D0B8-49B4-ADB1-F97DB389B1F3}.Debug|Any CPU.Build.0 = Debug|Any CPU
		{E10ED9FA-D0B8-49B4-ADB1-F97DB389B1F3}.Release|Any CPU.ActiveCfg = Release|Any CPU
		{E10ED9FA-D0B8-49B4-ADB1-F97DB389B1F3}.Release|Any CPU.Build.0 = Release|Any CPU
	EndGlobalSection
	GlobalSection(NestedProjects) = preSolution
		{87A9D439-FF20-4BE7-B8AE-F817119CA575} = {BDC7D387-67A7-4EB1-A81B-1E803E17FD91}
		{E10ED9FA-D0B8-49B4-ADB1-F97DB389B1F3} = {16CE167B-5EF1-4A31-BA29-E0FFA0D3E365}
	EndGlobalSection
EndGlobal
